{
  "version": 4,
  "terraform_version": "1.4.2",
  "serial": 31,
  "lineage": "5b80bd28-fbe8-4d2f-55b2-f3e8db6ab8c9",
  "outputs": {},
  "resources": [
    {
      "mode": "managed",
      "type": "proxmox_vm_qemu",
      "name": "srv_demo_1",
      "provider": "provider[\"registry.terraform.io/telmate/proxmox\"]",
      "instances": [
        {
          "index_key": 0,
          "schema_version": 0,
          "attributes": {
            "additional_wait": 0,
            "agent": 0,
            "args": "",
            "balloon": 0,
            "bios": "seabios",
            "boot": "c",
            "bootdisk": "scsi0",
            "bridge": "",
            "ci_wait": null,
            "cicustom": "",
            "cipassword": "",
            "ciuser": "fran",
            "clone": "ubuntu-20-template",
            "clone_wait": 0,
            "cloudinit_cdrom_storage": null,
            "cores": 4,
            "cpu": "host",
            "default_ipv4_address": null,
            "define_connection_info": true,
            "desc": "Ubuntu 20 Server from TERRAFORM",
            "disk": [
              {
                "backup": 0,
                "cache": "none",
                "discard": "",
                "file": "vm-114-disk-0",
                "format": "raw",
                "iothread": 0,
                "mbps": 0,
                "mbps_rd": 0,
                "mbps_rd_max": 0,
                "mbps_wr": 0,
                "mbps_wr_max": 0,
                "media": "",
                "replicate": 0,
                "size": "9420M",
                "slot": 0,
                "ssd": 0,
                "storage": "fran-samsung-2tb",
                "storage_type": "lvm",
                "type": "scsi",
                "volume": "fran-samsung-2tb:vm-114-disk-0"
              }
            ],
            "disk_gb": 0,
            "force_create": false,
            "force_recreate_on_change_of": null,
            "full_clone": true,
            "guest_agent_ready_timeout": 100,
            "hagroup": "",
            "hastate": "",
            "hotplug": "network,disk,usb",
            "id": "franhost/qemu/114",
            "ipconfig0": "ip=dhcp",
            "ipconfig1": "",
            "ipconfig2": "",
            "ipconfig3": "",
            "ipconfig4": "",
            "ipconfig5": "",
            "iso": null,
            "kvm": true,
            "mac": "",
            "memory": 4096,
            "name": "k3s-vm-1",
            "nameserver": "",
            "network": [
              {
                "bridge": "vmbr0",
                "firewall": false,
                "link_down": false,
                "macaddr": "46:89:7D:0A:CB:4D",
                "model": "virtio",
                "queues": 0,
                "rate": 0,
                "tag": -1
              }
            ],
            "nic": "",
            "numa": false,
            "onboot": false,
            "oncreate": true,
            "os_network_config": null,
            "os_type": null,
            "pool": "",
            "preprovision": true,
            "qemu_os": "other",
            "reboot_required": false,
            "scsihw": "virtio-scsi-pci",
            "searchdomain": "",
            "serial": [],
            "sockets": 1,
            "ssh_forward_ip": null,
            "ssh_host": null,
            "ssh_port": null,
            "ssh_private_key": null,
            "ssh_user": null,
            "sshkeys": "ssh-rsa AAAAB3NzaC1yc2EAAAADAQABAAABgQCV5l+DBzyk4Xg3KenID3WoaJ+KygaoLzvtmRMISyI1MoGXAEVRreq6SFV4JpK1YneGcwhAtf5tromiPZ5dnfpyrNJBRaO7ZOPbSnCZ14Pq60PcKEm1Ct9B7M6YfgEDXznD4cuwdatYHx2cPlAjBAPwblMhs53wnFnmCwG5dQ+95oxT5y9j12JonQHhH8iYMS0mMqy16KQbrmv4yY3+0TK8UzU/Y9f/pOzHAyjT5q5fKCzBaRkl/GjnYRZoBwG6D26ttdtsMlPsOz7Z23eGn9+BSlnk3v4bfQeeby4Fd1hBo/hXEGrKq2Cw8qC1WLt8K4l77YTVR7uhOWcNHZp6SbynxbPDRdKeb4fqu3bvXmCn22v9MbuzaqVN+ENmo+TTz3y2JRmVJJgTGbu49798UOFxsqefNvxwDxFnrUa09UUrHtiDNi0BzpVzLFGQUcQ/klWx06LwuxlWKHPxLVOMTDxJkLfLlQzeYP9eWpSXkARsIGcpenxUhtsfGaZURQwaDwE= fpolig01@Franciss-Mac-mini.local",
            "storage": "",
            "storage_type": "",
            "tablet": true,
            "tags": "",
            "target_node": "franhost",
            "timeouts": null,
            "unused_disk": [],
            "vcpus": 0,
            "vga": [],
            "vlan": -1,
            "vmid": null
          },
          "sensitive_attributes": [],
          "private": "eyJlMmJmYjczMC1lY2FhLTExZTYtOGY4OC0zNDM2M2JjN2M0YzAiOnsiY3JlYXRlIjozMDAwMDAwMDAwMDAsImRlZmF1bHQiOjMwMDAwMDAwMDAwMCwiZGVsZXRlIjoxODAwMDAwMDAwMDAsInJlYWQiOjE4MDAwMDAwMDAwMCwidXBkYXRlIjoxODAwMDAwMDAwMDB9fQ=="
        },
        {
          "index_key": 1,
          "schema_version": 0,
          "attributes": {
            "additional_wait": 0,
            "agent": 0,
            "args": "",
            "balloon": 0,
            "bios": "seabios",
            "boot": "c",
            "bootdisk": "scsi0",
            "bridge": "",
            "ci_wait": null,
            "cicustom": "",
            "cipassword": "",
            "ciuser": "fran",
            "clone": "ubuntu-20-template",
            "clone_wait": 0,
            "cloudinit_cdrom_storage": null,
            "cores": 4,
            "cpu": "host",
            "default_ipv4_address": null,
            "define_connection_info": true,
            "desc": "Ubuntu 20 Server from TERRAFORM",
            "disk": [
              {
                "backup": 0,
                "cache": "none",
                "discard": "",
                "file": "vm-115-disk-0",
                "format": "raw",
                "iothread": 0,
                "mbps": 0,
                "mbps_rd": 0,
                "mbps_rd_max": 0,
                "mbps_wr": 0,
                "mbps_wr_max": 0,
                "media": "",
                "replicate": 0,
                "size": "9420M",
                "slot": 0,
                "ssd": 0,
                "storage": "fran-samsung-2tb",
                "storage_type": "lvm",
                "type": "scsi",
                "volume": "fran-samsung-2tb:vm-115-disk-0"
              }
            ],
            "disk_gb": 0,
            "force_create": false,
            "force_recreate_on_change_of": null,
            "full_clone": true,
            "guest_agent_ready_timeout": 100,
            "hagroup": "",
            "hastate": "",
            "hotplug": "network,disk,usb",
            "id": "franhost/qemu/115",
            "ipconfig0": "ip=dhcp",
            "ipconfig1": "",
            "ipconfig2": "",
            "ipconfig3": "",
            "ipconfig4": "",
            "ipconfig5": "",
            "iso": null,
            "kvm": true,
            "mac": "",
            "memory": 4096,
            "name": "k3s-vm-2",
            "nameserver": "",
            "network": [
              {
                "bridge": "vmbr0",
                "firewall": false,
                "link_down": false,
                "macaddr": "16:D9:3A:CB:29:4D",
                "model": "virtio",
                "queues": 0,
                "rate": 0,
                "tag": -1
              }
            ],
            "nic": "",
            "numa": false,
            "onboot": false,
            "oncreate": true,
            "os_network_config": null,
            "os_type": null,
            "pool": "",
            "preprovision": true,
            "qemu_os": "other",
            "reboot_required": false,
            "scsihw": "virtio-scsi-pci",
            "searchdomain": "",
            "serial": [],
            "sockets": 1,
            "ssh_forward_ip": null,
            "ssh_host": null,
            "ssh_port": null,
            "ssh_private_key": null,
            "ssh_user": null,
            "sshkeys": "ssh-rsa AAAAB3NzaC1yc2EAAAADAQABAAABgQCV5l+DBzyk4Xg3KenID3WoaJ+KygaoLzvtmRMISyI1MoGXAEVRreq6SFV4JpK1YneGcwhAtf5tromiPZ5dnfpyrNJBRaO7ZOPbSnCZ14Pq60PcKEm1Ct9B7M6YfgEDXznD4cuwdatYHx2cPlAjBAPwblMhs53wnFnmCwG5dQ+95oxT5y9j12JonQHhH8iYMS0mMqy16KQbrmv4yY3+0TK8UzU/Y9f/pOzHAyjT5q5fKCzBaRkl/GjnYRZoBwG6D26ttdtsMlPsOz7Z23eGn9+BSlnk3v4bfQeeby4Fd1hBo/hXEGrKq2Cw8qC1WLt8K4l77YTVR7uhOWcNHZp6SbynxbPDRdKeb4fqu3bvXmCn22v9MbuzaqVN+ENmo+TTz3y2JRmVJJgTGbu49798UOFxsqefNvxwDxFnrUa09UUrHtiDNi0BzpVzLFGQUcQ/klWx06LwuxlWKHPxLVOMTDxJkLfLlQzeYP9eWpSXkARsIGcpenxUhtsfGaZURQwaDwE= fpolig01@Franciss-Mac-mini.local",
            "storage": "",
            "storage_type": "",
            "tablet": true,
            "tags": "",
            "target_node": "franhost",
            "timeouts": null,
            "unused_disk": [],
            "vcpus": 0,
            "vga": [],
            "vlan": -1,
            "vmid": null
          },
          "sensitive_attributes": [],
          "private": "eyJlMmJmYjczMC1lY2FhLTExZTYtOGY4OC0zNDM2M2JjN2M0YzAiOnsiY3JlYXRlIjozMDAwMDAwMDAwMDAsImRlZmF1bHQiOjMwMDAwMDAwMDAwMCwiZGVsZXRlIjoxODAwMDAwMDAwMDAsInJlYWQiOjE4MDAwMDAwMDAwMCwidXBkYXRlIjoxODAwMDAwMDAwMDB9fQ=="
        },
        {
          "index_key": 2,
          "schema_version": 0,
          "attributes": {
            "additional_wait": 0,
            "agent": 0,
            "args": "",
            "balloon": 0,
            "bios": "seabios",
            "boot": "c",
            "bootdisk": "scsi0",
            "bridge": "",
            "ci_wait": null,
            "cicustom": "",
            "cipassword": "",
            "ciuser": "fran",
            "clone": "ubuntu-20-template",
            "clone_wait": 0,
            "cloudinit_cdrom_storage": null,
            "cores": 4,
            "cpu": "host",
            "default_ipv4_address": null,
            "define_connection_info": true,
            "desc": "Ubuntu 20 Server from TERRAFORM",
            "disk": [
              {
                "backup": 0,
                "cache": "none",
                "discard": "",
                "file": "vm-116-disk-0",
                "format": "raw",
                "iothread": 0,
                "mbps": 0,
                "mbps_rd": 0,
                "mbps_rd_max": 0,
                "mbps_wr": 0,
                "mbps_wr_max": 0,
                "media": "",
                "replicate": 0,
                "size": "9420M",
                "slot": 0,
                "ssd": 0,
                "storage": "fran-samsung-2tb",
                "storage_type": "lvm",
                "type": "scsi",
                "volume": "fran-samsung-2tb:vm-116-disk-0"
              }
            ],
            "disk_gb": 0,
            "force_create": false,
            "force_recreate_on_change_of": null,
            "full_clone": true,
            "guest_agent_ready_timeout": 100,
            "hagroup": "",
            "hastate": "",
            "hotplug": "network,disk,usb",
            "id": "franhost/qemu/116",
            "ipconfig0": "ip=dhcp",
            "ipconfig1": "",
            "ipconfig2": "",
            "ipconfig3": "",
            "ipconfig4": "",
            "ipconfig5": "",
            "iso": null,
            "kvm": true,
            "mac": "",
            "memory": 4096,
            "name": "k3s-vm-3",
            "nameserver": "",
            "network": [
              {
                "bridge": "vmbr0",
                "firewall": false,
                "link_down": false,
                "macaddr": "66:B9:18:A1:E9:80",
                "model": "virtio",
                "queues": 0,
                "rate": 0,
                "tag": -1
              }
            ],
            "nic": "",
            "numa": false,
            "onboot": false,
            "oncreate": true,
            "os_network_config": null,
            "os_type": null,
            "pool": "",
            "preprovision": true,
            "qemu_os": "other",
            "reboot_required": false,
            "scsihw": "virtio-scsi-pci",
            "searchdomain": "",
            "serial": [],
            "sockets": 1,
            "ssh_forward_ip": null,
            "ssh_host": null,
            "ssh_port": null,
            "ssh_private_key": null,
            "ssh_user": null,
            "sshkeys": "ssh-rsa AAAAB3NzaC1yc2EAAAADAQABAAABgQCV5l+DBzyk4Xg3KenID3WoaJ+KygaoLzvtmRMISyI1MoGXAEVRreq6SFV4JpK1YneGcwhAtf5tromiPZ5dnfpyrNJBRaO7ZOPbSnCZ14Pq60PcKEm1Ct9B7M6YfgEDXznD4cuwdatYHx2cPlAjBAPwblMhs53wnFnmCwG5dQ+95oxT5y9j12JonQHhH8iYMS0mMqy16KQbrmv4yY3+0TK8UzU/Y9f/pOzHAyjT5q5fKCzBaRkl/GjnYRZoBwG6D26ttdtsMlPsOz7Z23eGn9+BSlnk3v4bfQeeby4Fd1hBo/hXEGrKq2Cw8qC1WLt8K4l77YTVR7uhOWcNHZp6SbynxbPDRdKeb4fqu3bvXmCn22v9MbuzaqVN+ENmo+TTz3y2JRmVJJgTGbu49798UOFxsqefNvxwDxFnrUa09UUrHtiDNi0BzpVzLFGQUcQ/klWx06LwuxlWKHPxLVOMTDxJkLfLlQzeYP9eWpSXkARsIGcpenxUhtsfGaZURQwaDwE= fpolig01@Franciss-Mac-mini.local",
            "storage": "",
            "storage_type": "",
            "tablet": true,
            "tags": "",
            "target_node": "franhost",
            "timeouts": null,
            "unused_disk": [],
            "vcpus": 0,
            "vga": [],
            "vlan": -1,
            "vmid": null
          },
          "sensitive_attributes": [],
          "private": "eyJlMmJmYjczMC1lY2FhLTExZTYtOGY4OC0zNDM2M2JjN2M0YzAiOnsiY3JlYXRlIjozMDAwMDAwMDAwMDAsImRlZmF1bHQiOjMwMDAwMDAwMDAwMCwiZGVsZXRlIjoxODAwMDAwMDAwMDAsInJlYWQiOjE4MDAwMDAwMDAwMCwidXBkYXRlIjoxODAwMDAwMDAwMDB9fQ=="
        },
        {
          "index_key": 3,
          "schema_version": 0,
          "attributes": {
            "additional_wait": 0,
            "agent": 0,
            "args": "",
            "balloon": 0,
            "bios": "seabios",
            "boot": "c",
            "bootdisk": "scsi0",
            "bridge": "",
            "ci_wait": null,
            "cicustom": "",
            "cipassword": "",
            "ciuser": "fran",
            "clone": "ubuntu-20-template",
            "clone_wait": 0,
            "cloudinit_cdrom_storage": null,
            "cores": 4,
            "cpu": "host",
            "default_ipv4_address": null,
            "define_connection_info": true,
            "desc": "Ubuntu 20 Server from TERRAFORM",
            "disk": [
              {
                "backup": 0,
                "cache": "none",
                "discard": "",
                "file": "vm-113-disk-0",
                "format": "raw",
                "iothread": 0,
                "mbps": 0,
                "mbps_rd": 0,
                "mbps_rd_max": 0,
                "mbps_wr": 0,
                "mbps_wr_max": 0,
                "media": "",
                "replicate": 0,
                "size": "9420M",
                "slot": 0,
                "ssd": 0,
                "storage": "fran-samsung-2tb",
                "storage_type": "lvm",
                "type": "scsi",
                "volume": "fran-samsung-2tb:vm-113-disk-0"
              }
            ],
            "disk_gb": 0,
            "force_create": false,
            "force_recreate_on_change_of": null,
            "full_clone": true,
            "guest_agent_ready_timeout": 100,
            "hagroup": "",
            "hastate": "",
            "hotplug": "network,disk,usb",
            "id": "franhost/qemu/113",
            "ipconfig0": "ip=dhcp",
            "ipconfig1": "",
            "ipconfig2": "",
            "ipconfig3": "",
            "ipconfig4": "",
            "ipconfig5": "",
            "iso": null,
            "kvm": true,
            "mac": "",
            "memory": 4096,
            "name": "k3s-vm-4",
            "nameserver": "",
            "network": [
              {
                "bridge": "vmbr0",
                "firewall": false,
                "link_down": false,
                "macaddr": "62:F6:0F:A5:F6:64",
                "model": "virtio",
                "queues": 0,
                "rate": 0,
                "tag": -1
              }
            ],
            "nic": "",
            "numa": false,
            "onboot": false,
            "oncreate": true,
            "os_network_config": null,
            "os_type": null,
            "pool": "",
            "preprovision": true,
            "qemu_os": "other",
            "reboot_required": false,
            "scsihw": "virtio-scsi-pci",
            "searchdomain": "",
            "serial": [],
            "sockets": 1,
            "ssh_forward_ip": null,
            "ssh_host": null,
            "ssh_port": null,
            "ssh_private_key": null,
            "ssh_user": null,
            "sshkeys": "ssh-rsa AAAAB3NzaC1yc2EAAAADAQABAAABgQCV5l+DBzyk4Xg3KenID3WoaJ+KygaoLzvtmRMISyI1MoGXAEVRreq6SFV4JpK1YneGcwhAtf5tromiPZ5dnfpyrNJBRaO7ZOPbSnCZ14Pq60PcKEm1Ct9B7M6YfgEDXznD4cuwdatYHx2cPlAjBAPwblMhs53wnFnmCwG5dQ+95oxT5y9j12JonQHhH8iYMS0mMqy16KQbrmv4yY3+0TK8UzU/Y9f/pOzHAyjT5q5fKCzBaRkl/GjnYRZoBwG6D26ttdtsMlPsOz7Z23eGn9+BSlnk3v4bfQeeby4Fd1hBo/hXEGrKq2Cw8qC1WLt8K4l77YTVR7uhOWcNHZp6SbynxbPDRdKeb4fqu3bvXmCn22v9MbuzaqVN+ENmo+TTz3y2JRmVJJgTGbu49798UOFxsqefNvxwDxFnrUa09UUrHtiDNi0BzpVzLFGQUcQ/klWx06LwuxlWKHPxLVOMTDxJkLfLlQzeYP9eWpSXkARsIGcpenxUhtsfGaZURQwaDwE= fpolig01@Franciss-Mac-mini.local",
            "storage": "",
            "storage_type": "",
            "tablet": true,
            "tags": "",
            "target_node": "franhost",
            "timeouts": null,
            "unused_disk": [],
            "vcpus": 0,
            "vga": [],
            "vlan": -1,
            "vmid": null
          },
          "sensitive_attributes": [],
          "private": "eyJlMmJmYjczMC1lY2FhLTExZTYtOGY4OC0zNDM2M2JjN2M0YzAiOnsiY3JlYXRlIjozMDAwMDAwMDAwMDAsImRlZmF1bHQiOjMwMDAwMDAwMDAwMCwiZGVsZXRlIjoxODAwMDAwMDAwMDAsInJlYWQiOjE4MDAwMDAwMDAwMCwidXBkYXRlIjoxODAwMDAwMDAwMDB9fQ=="
        },
        {
          "index_key": 4,
          "schema_version": 0,
          "attributes": {
            "additional_wait": 0,
            "agent": 0,
            "args": "",
            "balloon": 0,
            "bios": "seabios",
            "boot": "c",
            "bootdisk": "scsi0",
            "bridge": "",
            "ci_wait": null,
            "cicustom": "",
            "cipassword": "",
            "ciuser": "fran",
            "clone": "ubuntu-20-template",
            "clone_wait": 0,
            "cloudinit_cdrom_storage": null,
            "cores": 4,
            "cpu": "host",
            "default_ipv4_address": null,
            "define_connection_info": true,
            "desc": "Ubuntu 20 Server from TERRAFORM",
            "disk": [
              {
                "backup": 0,
                "cache": "none",
                "discard": "",
                "file": "vm-112-disk-0",
                "format": "raw",
                "iothread": 0,
                "mbps": 0,
                "mbps_rd": 0,
                "mbps_rd_max": 0,
                "mbps_wr": 0,
                "mbps_wr_max": 0,
                "media": "",
                "replicate": 0,
                "size": "9420M",
                "slot": 0,
                "ssd": 0,
                "storage": "fran-samsung-2tb",
                "storage_type": "lvm",
                "type": "scsi",
                "volume": "fran-samsung-2tb:vm-112-disk-0"
              }
            ],
            "disk_gb": 0,
            "force_create": false,
            "force_recreate_on_change_of": null,
            "full_clone": true,
            "guest_agent_ready_timeout": 100,
            "hagroup": "",
            "hastate": "",
            "hotplug": "network,disk,usb",
            "id": "franhost/qemu/112",
            "ipconfig0": "ip=dhcp",
            "ipconfig1": "",
            "ipconfig2": "",
            "ipconfig3": "",
            "ipconfig4": "",
            "ipconfig5": "",
            "iso": null,
            "kvm": true,
            "mac": "",
            "memory": 4096,
            "name": "k3s-vm-5",
            "nameserver": "",
            "network": [
              {
                "bridge": "vmbr0",
                "firewall": false,
                "link_down": false,
                "macaddr": "92:C7:D8:98:74:FD",
                "model": "virtio",
                "queues": 0,
                "rate": 0,
                "tag": -1
              }
            ],
            "nic": "",
            "numa": false,
            "onboot": false,
            "oncreate": true,
            "os_network_config": null,
            "os_type": null,
            "pool": "",
            "preprovision": true,
            "qemu_os": "other",
            "reboot_required": false,
            "scsihw": "virtio-scsi-pci",
            "searchdomain": "",
            "serial": [],
            "sockets": 1,
            "ssh_forward_ip": null,
            "ssh_host": null,
            "ssh_port": null,
            "ssh_private_key": null,
            "ssh_user": null,
            "sshkeys": "ssh-rsa AAAAB3NzaC1yc2EAAAADAQABAAABgQCV5l+DBzyk4Xg3KenID3WoaJ+KygaoLzvtmRMISyI1MoGXAEVRreq6SFV4JpK1YneGcwhAtf5tromiPZ5dnfpyrNJBRaO7ZOPbSnCZ14Pq60PcKEm1Ct9B7M6YfgEDXznD4cuwdatYHx2cPlAjBAPwblMhs53wnFnmCwG5dQ+95oxT5y9j12JonQHhH8iYMS0mMqy16KQbrmv4yY3+0TK8UzU/Y9f/pOzHAyjT5q5fKCzBaRkl/GjnYRZoBwG6D26ttdtsMlPsOz7Z23eGn9+BSlnk3v4bfQeeby4Fd1hBo/hXEGrKq2Cw8qC1WLt8K4l77YTVR7uhOWcNHZp6SbynxbPDRdKeb4fqu3bvXmCn22v9MbuzaqVN+ENmo+TTz3y2JRmVJJgTGbu49798UOFxsqefNvxwDxFnrUa09UUrHtiDNi0BzpVzLFGQUcQ/klWx06LwuxlWKHPxLVOMTDxJkLfLlQzeYP9eWpSXkARsIGcpenxUhtsfGaZURQwaDwE= fpolig01@Franciss-Mac-mini.local",
            "storage": "",
            "storage_type": "",
            "tablet": true,
            "tags": "",
            "target_node": "franhost",
            "timeouts": null,
            "unused_disk": [],
            "vcpus": 0,
            "vga": [],
            "vlan": -1,
            "vmid": null
          },
          "sensitive_attributes": [],
          "private": "eyJlMmJmYjczMC1lY2FhLTExZTYtOGY4OC0zNDM2M2JjN2M0YzAiOnsiY3JlYXRlIjozMDAwMDAwMDAwMDAsImRlZmF1bHQiOjMwMDAwMDAwMDAwMCwiZGVsZXRlIjoxODAwMDAwMDAwMDAsInJlYWQiOjE4MDAwMDAwMDAwMCwidXBkYXRlIjoxODAwMDAwMDAwMDB9fQ=="
        }
      ]
    }
  ],
  "check_results": null
}
